
Microsoft Visual Studio Solution File, Format Version 12.00
# Visual Studio Version 16
VisualStudioVersion = 16.0.30717.126
MinimumVisualStudioVersion = 10.0.40219.1
Project("{9A19103F-16F7-4668-BE54-9A1E7A4F7556}") = "GraphQlService", "GraphQlService\GraphQlService.csproj", "{FBF20C69-F806-4752-91B6-D5A10E738FF7}"
EndProject
Project("{9A19103F-16F7-4668-BE54-9A1E7A4F7556}") = "LoginService", "LoginService\LoginService.csproj", "{610D4019-48C1-405D-BD2B-ED2B863CF2E7}"
EndProject
Project("{2150E333-8FDC-42A3-9474-1A3956D46DE8}") = "Libs", "Libs", "{EFD190B9-B147-46AD-9F1D-01A34F71E562}"
EndProject
Project("{9A19103F-16F7-4668-BE54-9A1E7A4F7556}") = "AsyncLockLib", "Libs\AsyncLockLib\AsyncLockLib.csproj", "{FF088B6E-A8F2-4812-ADD3-0C181972A2AF}"
EndProject
Project("{9A19103F-16F7-4668-BE54-9A1E7A4F7556}") = "GraphQlHelperLib", "Libs\GraphQlHelperLib\GraphQlHelperLib.csproj", "{A488400D-6D2E-4ED3-B4F0-3CF82FEE801B}"
EndProject
Project("{9A19103F-16F7-4668-BE54-9A1E7A4F7556}") = "RepoInterfaceLib", "Libs\RepoInterfaceLib\RepoInterfaceLib.csproj", "{8EB562EF-98B4-45D6-9140-4B27E9ED7A91}"
EndProject
Project("{9A19103F-16F7-4668-BE54-9A1E7A4F7556}") = "RepoLib", "Libs\RepoLib\RepoLib.csproj", "{C81CFD56-95A4-47D5-87AB-CA258624C2C4}"
EndProject
Project("{9A19103F-16F7-4668-BE54-9A1E7A4F7556}") = "JwtAuthLib", "Libs\JwtAuthLib\JwtAuthLib.csproj", "{6B535FD0-7F99-49A4-AAE5-40D77BDF9621}"
EndProject
Project("{9A19103F-16F7-4668-BE54-9A1E7A4F7556}") = "JwtLoginLib", "Libs\JwtLoginLib\JwtLoginLib.csproj", "{82584FCB-6484-40B6-BE5D-F4111FB4E0AD}"
EndProject
Project("{2150E333-8FDC-42A3-9474-1A3956D46DE8}") = "Model", "Model", "{CF9696AF-1DE7-4377-805D-7462F184CEF5}"
EndProject
Project("{9A19103F-16F7-4668-BE54-9A1E7A4F7556}") = "ConsoleClient", "ConsoleClient\ConsoleClient.csproj", "{5C55364B-45B2-4E59-8881-37CD847A9730}"
EndProject
Project("{9A19103F-16F7-4668-BE54-9A1E7A4F7556}") = "AuthRolesLib", "Libs\AuthRolesLib\AuthRolesLib.csproj", "{9AEBFBBE-8B9B-4937-917D-03EB8CA1B684}"
EndProject
Project("{2150E333-8FDC-42A3-9474-1A3956D46DE8}") = "Tests", "Tests", "{F14637B7-438B-41F3-AFE1-B05902047730}"
EndProject
Project("{9A19103F-16F7-4668-BE54-9A1E7A4F7556}") = "HttpClientLib", "Libs\HttpClientLib\HttpClientLib.csproj", "{6115A008-5A24-43C5-B8DA-2D68D2AAA1B8}"
EndProject
Project("{9A19103F-16F7-4668-BE54-9A1E7A4F7556}") = "PersonModelLib", "Model\PersonModelLib\PersonModelLib.csproj", "{B479A700-2C21-4ABA-8454-6A10E3ECC780}"
EndProject
Project("{9A19103F-16F7-4668-BE54-9A1E7A4F7556}") = "ServicesTest", "Tests\ServicesTest\ServicesTest.csproj", "{4BDBFFF1-A4D1-4B7A-B0C7-12DA1EA2DB29}"
EndProject
Global
	GlobalSection(SolutionConfigurationPlatforms) = preSolution
		Debug|Any CPU = Debug|Any CPU
		Release|Any CPU = Release|Any CPU
	EndGlobalSection
	GlobalSection(ProjectConfigurationPlatforms) = postSolution
		{FBF20C69-F806-4752-91B6-D5A10E738FF7}.Debug|Any CPU.ActiveCfg = Debug|Any CPU
		{FBF20C69-F806-4752-91B6-D5A10E738FF7}.Debug|Any CPU.Build.0 = Debug|Any CPU
		{FBF20C69-F806-4752-91B6-D5A10E738FF7}.Release|Any CPU.ActiveCfg = Release|Any CPU
		{FBF20C69-F806-4752-91B6-D5A10E738FF7}.Release|Any CPU.Build.0 = Release|Any CPU
		{610D4019-48C1-405D-BD2B-ED2B863CF2E7}.Debug|Any CPU.ActiveCfg = Debug|Any CPU
		{610D4019-48C1-405D-BD2B-ED2B863CF2E7}.Debug|Any CPU.Build.0 = Debug|Any CPU
		{610D4019-48C1-405D-BD2B-ED2B863CF2E7}.Release|Any CPU.ActiveCfg = Release|Any CPU
		{610D4019-48C1-405D-BD2B-ED2B863CF2E7}.Release|Any CPU.Build.0 = Release|Any CPU
		{FF088B6E-A8F2-4812-ADD3-0C181972A2AF}.Debug|Any CPU.ActiveCfg = Debug|Any CPU
		{FF088B6E-A8F2-4812-ADD3-0C181972A2AF}.Debug|Any CPU.Build.0 = Debug|Any CPU
		{FF088B6E-A8F2-4812-ADD3-0C181972A2AF}.Release|Any CPU.ActiveCfg = Release|Any CPU
		{FF088B6E-A8F2-4812-ADD3-0C181972A2AF}.Release|Any CPU.Build.0 = Release|Any CPU
		{A488400D-6D2E-4ED3-B4F0-3CF82FEE801B}.Debug|Any CPU.ActiveCfg = Debug|Any CPU
		{A488400D-6D2E-4ED3-B4F0-3CF82FEE801B}.Debug|Any CPU.Build.0 = Debug|Any CPU
		{A488400D-6D2E-4ED3-B4F0-3CF82FEE801B}.Release|Any CPU.ActiveCfg = Release|Any CPU
		{A488400D-6D2E-4ED3-B4F0-3CF82FEE801B}.Release|Any CPU.Build.0 = Release|Any CPU
		{8EB562EF-98B4-45D6-9140-4B27E9ED7A91}.Debug|Any CPU.ActiveCfg = Debug|Any CPU
		{8EB562EF-98B4-45D6-9140-4B27E9ED7A91}.Debug|Any CPU.Build.0 = Debug|Any CPU
		{8EB562EF-98B4-45D6-9140-4B27E9ED7A91}.Release|Any CPU.ActiveCfg = Release|Any CPU
		{8EB562EF-98B4-45D6-9140-4B27E9ED7A91}.Release|Any CPU.Build.0 = Release|Any CPU
		{C81CFD56-95A4-47D5-87AB-CA258624C2C4}.Debug|Any CPU.ActiveCfg = Debug|Any CPU
		{C81CFD56-95A4-47D5-87AB-CA258624C2C4}.Debug|Any CPU.Build.0 = Debug|Any CPU
		{C81CFD56-95A4-47D5-87AB-CA258624C2C4}.Release|Any CPU.ActiveCfg = Release|Any CPU
		{C81CFD56-95A4-47D5-87AB-CA258624C2C4}.Release|Any CPU.Build.0 = Release|Any CPU
		{6B535FD0-7F99-49A4-AAE5-40D77BDF9621}.Debug|Any CPU.ActiveCfg = Debug|Any CPU
		{6B535FD0-7F99-49A4-AAE5-40D77BDF9621}.Debug|Any CPU.Build.0 = Debug|Any CPU
		{6B535FD0-7F99-49A4-AAE5-40D77BDF9621}.Release|Any CPU.ActiveCfg = Release|Any CPU
		{6B535FD0-7F99-49A4-AAE5-40D77BDF9621}.Release|Any CPU.Build.0 = Release|Any CPU
		{82584FCB-6484-40B6-BE5D-F4111FB4E0AD}.Debug|Any CPU.ActiveCfg = Debug|Any CPU
		{82584FCB-6484-40B6-BE5D-F4111FB4E0AD}.Debug|Any CPU.Build.0 = Debug|Any CPU
		{82584FCB-6484-40B6-BE5D-F4111FB4E0AD}.Release|Any CPU.ActiveCfg = Release|Any CPU
		{82584FCB-6484-40B6-BE5D-F4111FB4E0AD}.Release|Any CPU.Build.0 = Release|Any CPU
		{5C55364B-45B2-4E59-8881-37CD847A9730}.Debug|Any CPU.ActiveCfg = Debug|Any CPU
		{5C55364B-45B2-4E59-8881-37CD847A9730}.Debug|Any CPU.Build.0 = Debug|Any CPU
		{5C55364B-45B2-4E59-8881-37CD847A9730}.Release|Any CPU.ActiveCfg = Release|Any CPU
		{5C55364B-45B2-4E59-8881-37CD847A9730}.Release|Any CPU.Build.0 = Release|Any CPU
		{9AEBFBBE-8B9B-4937-917D-03EB8CA1B684}.Debug|Any CPU.ActiveCfg = Debug|Any CPU
		{9AEBFBBE-8B9B-4937-917D-03EB8CA1B684}.Debug|Any CPU.Build.0 = Debug|Any CPU
		{9AEBFBBE-8B9B-4937-917D-03EB8CA1B684}.Release|Any CPU.ActiveCfg = Release|Any CPU
		{9AEBFBBE-8B9B-4937-917D-03EB8CA1B684}.Release|Any CPU.Build.0 = Release|Any CPU
		{6115A008-5A24-43C5-B8DA-2D68D2AAA1B8}.Debug|Any CPU.ActiveCfg = Debug|Any CPU
		{6115A008-5A24-43C5-B8DA-2D68D2AAA1B8}.Debug|Any CPU.Build.0 = Debug|Any CPU
		{6115A008-5A24-43C5-B8DA-2D68D2AAA1B8}.Release|Any CPU.ActiveCfg = Release|Any CPU
		{6115A008-5A24-43C5-B8DA-2D68D2AAA1B8}.Release|Any CPU.Build.0 = Release|Any CPU
		{B479A700-2C21-4ABA-8454-6A10E3ECC780}.Debug|Any CPU.ActiveCfg = Debug|Any CPU
		{B479A700-2C21-4ABA-8454-6A10E3ECC780}.Debug|Any CPU.Build.0 = Debug|Any CPU
		{B479A700-2C21-4ABA-8454-6A10E3ECC780}.Release|Any CPU.ActiveCfg = Release|Any CPU
		{B479A700-2C21-4ABA-8454-6A10E3ECC780}.Release|Any CPU.Build.0 = Release|Any CPU
		{4BDBFFF1-A4D1-4B7A-B0C7-12DA1EA2DB29}.Debug|Any CPU.ActiveCfg = Debug|Any CPU
		{4BDBFFF1-A4D1-4B7A-B0C7-12DA1EA2DB29}.Debug|Any CPU.Build.0 = Debug|Any CPU
		{4BDBFFF1-A4D1-4B7A-B0C7-12DA1EA2DB29}.Release|Any CPU.ActiveCfg = Release|Any CPU
		{4BDBFFF1-A4D1-4B7A-B0C7-12DA1EA2DB29}.Release|Any CPU.Build.0 = Release|Any CPU
	EndGlobalSection
	GlobalSection(SolutionProperties) = preSolution
		HideSolutionNode = FALSE
	EndGlobalSection
	GlobalSection(NestedProjects) = preSolution
		{FF088B6E-A8F2-4812-ADD3-0C181972A2AF} = {EFD190B9-B147-46AD-9F1D-01A34F71E562}
		{A488400D-6D2E-4ED3-B4F0-3CF82FEE801B} = {EFD190B9-B147-46AD-9F1D-01A34F71E562}
		{8EB562EF-98B4-45D6-9140-4B27E9ED7A91} = {EFD190B9-B147-46AD-9F1D-01A34F71E562}
		{C81CFD56-95A4-47D5-87AB-CA258624C2C4} = {EFD190B9-B147-46AD-9F1D-01A34F71E562}
		{6B535FD0-7F99-49A4-AAE5-40D77BDF9621} = {EFD190B9-B147-46AD-9F1D-01A34F71E562}
		{82584FCB-6484-40B6-BE5D-F4111FB4E0AD} = {EFD190B9-B147-46AD-9F1D-01A34F71E562}
		{9AEBFBBE-8B9B-4937-917D-03EB8CA1B684} = {EFD190B9-B147-46AD-9F1D-01A34F71E562}
		{6115A008-5A24-43C5-B8DA-2D68D2AAA1B8} = {EFD190B9-B147-46AD-9F1D-01A34F71E562}
		{B479A700-2C21-4ABA-8454-6A10E3ECC780} = {CF9696AF-1DE7-4377-805D-7462F184CEF5}
		{4BDBFFF1-A4D1-4B7A-B0C7-12DA1EA2DB29} = {F14637B7-438B-41F3-AFE1-B05902047730}
	EndGlobalSection
	GlobalSection(ExtensibilityGlobals) = postSolution
		SolutionGuid = {687B0ACB-EF81-42A9-8085-CAA6C987AD44}
	EndGlobalSection
EndGlobal
