
Microsoft Visual Studio Solution File, Format Version 12.00
# Visual Studio Version 16
VisualStudioVersion = 16.0.30717.126
MinimumVisualStudioVersion = 10.0.40219.1
Project("{9A19103F-16F7-4668-BE54-9A1E7A4F7556}") = "GraphQlHelperLib", "GraphQlHelperLib\GraphQlHelperLib.csproj", "{C499C456-4046-4583-A09E-C0E4716E9B9F}"
EndProject
Project("{9A19103F-16F7-4668-BE54-9A1E7A4F7556}") = "AsyncLockLib", "AsyncLockLib\AsyncLockLib.csproj", "{B24DF919-8A70-483F-B717-6F1EBDF02EF8}"
EndProject
Project("{9A19103F-16F7-4668-BE54-9A1E7A4F7556}") = "JwtHelperLib", "JwtHelperLib\JwtHelperLib.csproj", "{339821A0-0BD1-4805-95F4-380C52DC53B4}"
EndProject
Project("{9A19103F-16F7-4668-BE54-9A1E7A4F7556}") = "PersonModelLib", "PersonModelLib\PersonModelLib.csproj", "{13812D92-C02E-41FD-B4C9-599DECC813C3}"
EndProject
Project("{9A19103F-16F7-4668-BE54-9A1E7A4F7556}") = "RepoLib", "RepoLib\RepoLib.csproj", "{59413593-FDA8-4B9C-8089-AB3C1FF7ADE6}"
EndProject
Project("{9A19103F-16F7-4668-BE54-9A1E7A4F7556}") = "RepoInterfaceLib", "RepoInterfaceLib\RepoInterfaceLib.csproj", "{29D59320-CCB0-4C7B-A6CD-09BC476B4764}"
EndProject
Project("{9A19103F-16F7-4668-BE54-9A1E7A4F7556}") = "GraphQlService", "GraphQlService\GraphQlService.csproj", "{FBF20C69-F806-4752-91B6-D5A10E738FF7}"
EndProject
Project("{FAE04EC0-301F-11D3-BF4B-00C04F79EFBC}") = "LoginService", "LoginService\LoginService.csproj", "{610D4019-48C1-405D-BD2B-ED2B863CF2E7}"
EndProject
Global
	GlobalSection(SolutionConfigurationPlatforms) = preSolution
		Debug|Any CPU = Debug|Any CPU
		Release|Any CPU = Release|Any CPU
	EndGlobalSection
	GlobalSection(ProjectConfigurationPlatforms) = postSolution
		{C499C456-4046-4583-A09E-C0E4716E9B9F}.Debug|Any CPU.ActiveCfg = Debug|Any CPU
		{C499C456-4046-4583-A09E-C0E4716E9B9F}.Debug|Any CPU.Build.0 = Debug|Any CPU
		{C499C456-4046-4583-A09E-C0E4716E9B9F}.Release|Any CPU.ActiveCfg = Release|Any CPU
		{C499C456-4046-4583-A09E-C0E4716E9B9F}.Release|Any CPU.Build.0 = Release|Any CPU
		{B24DF919-8A70-483F-B717-6F1EBDF02EF8}.Debug|Any CPU.ActiveCfg = Debug|Any CPU
		{B24DF919-8A70-483F-B717-6F1EBDF02EF8}.Debug|Any CPU.Build.0 = Debug|Any CPU
		{B24DF919-8A70-483F-B717-6F1EBDF02EF8}.Release|Any CPU.ActiveCfg = Release|Any CPU
		{B24DF919-8A70-483F-B717-6F1EBDF02EF8}.Release|Any CPU.Build.0 = Release|Any CPU
		{339821A0-0BD1-4805-95F4-380C52DC53B4}.Debug|Any CPU.ActiveCfg = Debug|Any CPU
		{339821A0-0BD1-4805-95F4-380C52DC53B4}.Debug|Any CPU.Build.0 = Debug|Any CPU
		{339821A0-0BD1-4805-95F4-380C52DC53B4}.Release|Any CPU.ActiveCfg = Release|Any CPU
		{339821A0-0BD1-4805-95F4-380C52DC53B4}.Release|Any CPU.Build.0 = Release|Any CPU
		{13812D92-C02E-41FD-B4C9-599DECC813C3}.Debug|Any CPU.ActiveCfg = Debug|Any CPU
		{13812D92-C02E-41FD-B4C9-599DECC813C3}.Debug|Any CPU.Build.0 = Debug|Any CPU
		{13812D92-C02E-41FD-B4C9-599DECC813C3}.Release|Any CPU.ActiveCfg = Release|Any CPU
		{13812D92-C02E-41FD-B4C9-599DECC813C3}.Release|Any CPU.Build.0 = Release|Any CPU
		{59413593-FDA8-4B9C-8089-AB3C1FF7ADE6}.Debug|Any CPU.ActiveCfg = Debug|Any CPU
		{59413593-FDA8-4B9C-8089-AB3C1FF7ADE6}.Debug|Any CPU.Build.0 = Debug|Any CPU
		{59413593-FDA8-4B9C-8089-AB3C1FF7ADE6}.Release|Any CPU.ActiveCfg = Release|Any CPU
		{59413593-FDA8-4B9C-8089-AB3C1FF7ADE6}.Release|Any CPU.Build.0 = Release|Any CPU
		{29D59320-CCB0-4C7B-A6CD-09BC476B4764}.Debug|Any CPU.ActiveCfg = Debug|Any CPU
		{29D59320-CCB0-4C7B-A6CD-09BC476B4764}.Debug|Any CPU.Build.0 = Debug|Any CPU
		{29D59320-CCB0-4C7B-A6CD-09BC476B4764}.Release|Any CPU.ActiveCfg = Release|Any CPU
		{29D59320-CCB0-4C7B-A6CD-09BC476B4764}.Release|Any CPU.Build.0 = Release|Any CPU
		{FBF20C69-F806-4752-91B6-D5A10E738FF7}.Debug|Any CPU.ActiveCfg = Debug|Any CPU
		{FBF20C69-F806-4752-91B6-D5A10E738FF7}.Debug|Any CPU.Build.0 = Debug|Any CPU
		{FBF20C69-F806-4752-91B6-D5A10E738FF7}.Release|Any CPU.ActiveCfg = Release|Any CPU
		{FBF20C69-F806-4752-91B6-D5A10E738FF7}.Release|Any CPU.Build.0 = Release|Any CPU
		{610D4019-48C1-405D-BD2B-ED2B863CF2E7}.Debug|Any CPU.ActiveCfg = Debug|Any CPU
		{610D4019-48C1-405D-BD2B-ED2B863CF2E7}.Debug|Any CPU.Build.0 = Debug|Any CPU
		{610D4019-48C1-405D-BD2B-ED2B863CF2E7}.Release|Any CPU.ActiveCfg = Release|Any CPU
		{610D4019-48C1-405D-BD2B-ED2B863CF2E7}.Release|Any CPU.Build.0 = Release|Any CPU
	EndGlobalSection
	GlobalSection(SolutionProperties) = preSolution
		HideSolutionNode = FALSE
	EndGlobalSection
	GlobalSection(ExtensibilityGlobals) = postSolution
		SolutionGuid = {687B0ACB-EF81-42A9-8085-CAA6C987AD44}
	EndGlobalSection
EndGlobal
